
Microsoft Visual Studio Solution File, Format Version 12.00
# Visual Studio Version 16
VisualStudioVersion = 16.0.30330.147
MinimumVisualStudioVersion = 10.0.40219.1
Project("{9A19103F-16F7-4668-BE54-9A1E7A4F7556}") = "Shimakaze.Struct.Csf", "Shimakaze.Struct.Csf\Shimakaze.Struct.Csf.csproj", "{05974C8D-52A5-448D-9ED9-CA8834D0F968}"
EndProject
Project("{9A19103F-16F7-4668-BE54-9A1E7A4F7556}") = "Shimakaze.Struct.Csf.Test", "Shimakaze.Struct.Csf.Test\Shimakaze.Struct.Csf.Test.csproj", "{C3747FCA-8B87-483C-8A25-CA5CA9D9AD66}"
EndProject
Project("{9A19103F-16F7-4668-BE54-9A1E7A4F7556}") = "Shimakaze.Struct.Csf.Json", "Shimakaze.Struct.Csf.Json\Shimakaze.Struct.Csf.Json.csproj", "{0F92A0B9-4508-4282-829D-5E108307F720}"
EndProject
Global
	GlobalSection(SolutionConfigurationPlatforms) = preSolution
		Debug|Any CPU = Debug|Any CPU
		Release|Any CPU = Release|Any CPU
	EndGlobalSection
	GlobalSection(ProjectConfigurationPlatforms) = postSolution
		{05974C8D-52A5-448D-9ED9-CA8834D0F968}.Debug|Any CPU.ActiveCfg = Debug|Any CPU
		{05974C8D-52A5-448D-9ED9-CA8834D0F968}.Debug|Any CPU.Build.0 = Debug|Any CPU
		{05974C8D-52A5-448D-9ED9-CA8834D0F968}.Release|Any CPU.ActiveCfg = Release|Any CPU
		{05974C8D-52A5-448D-9ED9-CA8834D0F968}.Release|Any CPU.Build.0 = Release|Any CPU
		{C3747FCA-8B87-483C-8A25-CA5CA9D9AD66}.Debug|Any CPU.ActiveCfg = Debug|Any CPU
		{C3747FCA-8B87-483C-8A25-CA5CA9D9AD66}.Debug|Any CPU.Build.0 = Debug|Any CPU
		{C3747FCA-8B87-483C-8A25-CA5CA9D9AD66}.Release|Any CPU.ActiveCfg = Release|Any CPU
		{C3747FCA-8B87-483C-8A25-CA5CA9D9AD66}.Release|Any CPU.Build.0 = Release|Any CPU
		{0F92A0B9-4508-4282-829D-5E108307F720}.Debug|Any CPU.ActiveCfg = Debug|Any CPU
		{0F92A0B9-4508-4282-829D-5E108307F720}.Debug|Any CPU.Build.0 = Debug|Any CPU
		{0F92A0B9-4508-4282-829D-5E108307F720}.Release|Any CPU.ActiveCfg = Release|Any CPU
		{0F92A0B9-4508-4282-829D-5E108307F720}.Release|Any CPU.Build.0 = Release|Any CPU
	EndGlobalSection
	GlobalSection(SolutionProperties) = preSolution
		HideSolutionNode = FALSE
	EndGlobalSection
	GlobalSection(ExtensibilityGlobals) = postSolution
		SolutionGuid = {D057DD2F-1440-4DBA-A678-9529A58661B7}
	EndGlobalSection
EndGlobal
